
Microsoft Visual Studio Solution File, Format Version 12.00
# Visual Studio Version 16
VisualStudioVersion = 16.0.32126.315
MinimumVisualStudioVersion = 10.0.40219.1
Project("{FAE04EC0-301F-11D3-BF4B-00C04F79EFBC}") = "MyAdminpro", "MyAdminpro\MyAdminpro.csproj", "{BF2AD66D-8041-449D-95D2-F478A33BC57D}"
EndProject
Global
	GlobalSection(SolutionConfigurationPlatforms) = preSolution
		Debug|Any CPU = Debug|Any CPU
		Release|Any CPU = Release|Any CPU
	EndGlobalSection
	GlobalSection(ProjectConfigurationPlatforms) = postSolution
		{BF2AD66D-8041-449D-95D2-F478A33BC57D}.Debug|Any CPU.ActiveCfg = Debug|Any CPU
		{BF2AD66D-8041-449D-95D2-F478A33BC57D}.Debug|Any CPU.Build.0 = Debug|Any CPU
		{BF2AD66D-8041-449D-95D2-F478A33BC57D}.Release|Any CPU.ActiveCfg = Release|Any CPU
		{BF2AD66D-8041-449D-95D2-F478A33BC57D}.Release|Any CPU.Build.0 = Release|Any CPU
	EndGlobalSection
	GlobalSection(SolutionProperties) = preSolution
		HideSolutionNode = FALSE
	EndGlobalSection
	GlobalSection(ExtensibilityGlobals) = postSolution
		SolutionGuid = {801AE8B0-63A8-4EF5-93B9-3B1CF9EA2A2E}
	EndGlobalSection
EndGlobal
